
Microsoft Visual Studio Solution File, Format Version 12.00
# Visual Studio Version 16
VisualStudioVersion = 16.0.30717.126
MinimumVisualStudioVersion = 10.0.40219.1
Project("{FAE04EC0-301F-11D3-BF4B-00C04F79EFBC}") = "Assignment_6", "Assignment_6\Assignment_6.csproj", "{D8EE0BD7-35A7-4422-840D-68595B6B197B}"
EndProject
Project("{FAE04EC0-301F-11D3-BF4B-00C04F79EFBC}") = "Assignment6_2", "Assignment6_2\Assignment6_2.csproj", "{F302F2E0-4FE8-479C-9292-19DB816770D3}"
EndProject
Project("{FAE04EC0-301F-11D3-BF4B-00C04F79EFBC}") = "Assignment6_3", "Assignment6_3\Assignment6_3.csproj", "{18E18697-35D9-45F0-AA01-3D82EAE7EF74}"
EndProject
Project("{FAE04EC0-301F-11D3-BF4B-00C04F79EFBC}") = "Assignment6_4", "Assignment6_4\Assignment6_4.csproj", "{F7FA5ABA-F440-470E-9AA1-CABC1D625E0C}"
EndProject
Project("{FAE04EC0-301F-11D3-BF4B-00C04F79EFBC}") = "Assignment6_5", "Assignment6_5\Assignment6_5.csproj", "{A70530F9-14EE-4438-96B8-8342593DD96E}"
EndProject
Global
	GlobalSection(SolutionConfigurationPlatforms) = preSolution
		Debug|Any CPU = Debug|Any CPU
		Release|Any CPU = Release|Any CPU
	EndGlobalSection
	GlobalSection(ProjectConfigurationPlatforms) = postSolution
		{D8EE0BD7-35A7-4422-840D-68595B6B197B}.Debug|Any CPU.ActiveCfg = Debug|Any CPU
		{D8EE0BD7-35A7-4422-840D-68595B6B197B}.Debug|Any CPU.Build.0 = Debug|Any CPU
		{D8EE0BD7-35A7-4422-840D-68595B6B197B}.Release|Any CPU.ActiveCfg = Release|Any CPU
		{D8EE0BD7-35A7-4422-840D-68595B6B197B}.Release|Any CPU.Build.0 = Release|Any CPU
		{F302F2E0-4FE8-479C-9292-19DB816770D3}.Debug|Any CPU.ActiveCfg = Debug|Any CPU
		{F302F2E0-4FE8-479C-9292-19DB816770D3}.Debug|Any CPU.Build.0 = Debug|Any CPU
		{F302F2E0-4FE8-479C-9292-19DB816770D3}.Release|Any CPU.ActiveCfg = Release|Any CPU
		{F302F2E0-4FE8-479C-9292-19DB816770D3}.Release|Any CPU.Build.0 = Release|Any CPU
		{18E18697-35D9-45F0-AA01-3D82EAE7EF74}.Debug|Any CPU.ActiveCfg = Debug|Any CPU
		{18E18697-35D9-45F0-AA01-3D82EAE7EF74}.Debug|Any CPU.Build.0 = Debug|Any CPU
		{18E18697-35D9-45F0-AA01-3D82EAE7EF74}.Release|Any CPU.ActiveCfg = Release|Any CPU
		{18E18697-35D9-45F0-AA01-3D82EAE7EF74}.Release|Any CPU.Build.0 = Release|Any CPU
		{F7FA5ABA-F440-470E-9AA1-CABC1D625E0C}.Debug|Any CPU.ActiveCfg = Debug|Any CPU
		{F7FA5ABA-F440-470E-9AA1-CABC1D625E0C}.Debug|Any CPU.Build.0 = Debug|Any CPU
		{F7FA5ABA-F440-470E-9AA1-CABC1D625E0C}.Release|Any CPU.ActiveCfg = Release|Any CPU
		{F7FA5ABA-F440-470E-9AA1-CABC1D625E0C}.Release|Any CPU.Build.0 = Release|Any CPU
		{A70530F9-14EE-4438-96B8-8342593DD96E}.Debug|Any CPU.ActiveCfg = Debug|Any CPU
		{A70530F9-14EE-4438-96B8-8342593DD96E}.Debug|Any CPU.Build.0 = Debug|Any CPU
		{A70530F9-14EE-4438-96B8-8342593DD96E}.Release|Any CPU.ActiveCfg = Release|Any CPU
		{A70530F9-14EE-4438-96B8-8342593DD96E}.Release|Any CPU.Build.0 = Release|Any CPU
	EndGlobalSection
	GlobalSection(SolutionProperties) = preSolution
		HideSolutionNode = FALSE
	EndGlobalSection
	GlobalSection(ExtensibilityGlobals) = postSolution
		SolutionGuid = {4B050221-4578-4F45-9CC8-CBDD53E6C466}
	EndGlobalSection
EndGlobal
